
Microsoft Visual Studio Solution File, Format Version 12.00
# Visual Studio Version 17
VisualStudioVersion = 17.0.32014.148
MinimumVisualStudioVersion = 10.0.40219.1
Project("{FAE04EC0-301F-11D3-BF4B-00C04F79EFBC}") = "DesignPattern.CQRS.PresentationLayer", "DesignPattern.CQRS.PresentationLayer\DesignPattern.CQRS.PresentationLayer.csproj", "{FFA9E74A-62F6-400B-AAAD-9C5790C00B3A}"
EndProject
Global
	GlobalSection(SolutionConfigurationPlatforms) = preSolution
		Debug|Any CPU = Debug|Any CPU
		Release|Any CPU = Release|Any CPU
	EndGlobalSection
	GlobalSection(ProjectConfigurationPlatforms) = postSolution
		{FFA9E74A-62F6-400B-AAAD-9C5790C00B3A}.Debug|Any CPU.ActiveCfg = Debug|Any CPU
		{FFA9E74A-62F6-400B-AAAD-9C5790C00B3A}.Debug|Any CPU.Build.0 = Debug|Any CPU
		{FFA9E74A-62F6-400B-AAAD-9C5790C00B3A}.Release|Any CPU.ActiveCfg = Release|Any CPU
		{FFA9E74A-62F6-400B-AAAD-9C5790C00B3A}.Release|Any CPU.Build.0 = Release|Any CPU
	EndGlobalSection
	GlobalSection(SolutionProperties) = preSolution
		HideSolutionNode = FALSE
	EndGlobalSection
	GlobalSection(ExtensibilityGlobals) = postSolution
		SolutionGuid = {EE438530-EDB2-4FBC-A681-A9DA4BC4BEBF}
	EndGlobalSection
EndGlobal
